
Microsoft Visual Studio Solution File, Format Version 12.00
# Visual Studio Version 16
VisualStudioVersion = 16.0.31402.337
MinimumVisualStudioVersion = 10.0.40219.1
Project("{FAE04EC0-301F-11D3-BF4B-00C04F79EFBC}") = "MvcProjeKampi", "MvcProjeKampi.csproj", "{F39186FE-DACC-481B-B03A-12DC5867C8DA}"
EndProject
Project("{FAE04EC0-301F-11D3-BF4B-00C04F79EFBC}") = "EntityLayer", "..\EntityLayer\EntityLayer.csproj", "{281B7C77-F8D9-4D21-BABD-4C1FB3BCEB08}"
EndProject
Project("{FAE04EC0-301F-11D3-BF4B-00C04F79EFBC}") = "DataAccessLayer", "..\DataAccessLayer\DataAccessLayer.csproj", "{2A9ECDE1-FEC1-4CFD-A9F3-805EA868AB2F}"
EndProject
Project("{FAE04EC0-301F-11D3-BF4B-00C04F79EFBC}") = "BusinessLayer", "..\BusinessLayer\BusinessLayer.csproj", "{8EDBEBA8-51E5-42C3-961D-09924E6E42CD}"
EndProject
Global
	GlobalSection(SolutionConfigurationPlatforms) = preSolution
		Debug|Any CPU = Debug|Any CPU
		Release|Any CPU = Release|Any CPU
	EndGlobalSection
	GlobalSection(ProjectConfigurationPlatforms) = postSolution
		{F39186FE-DACC-481B-B03A-12DC5867C8DA}.Debug|Any CPU.ActiveCfg = Debug|Any CPU
		{F39186FE-DACC-481B-B03A-12DC5867C8DA}.Debug|Any CPU.Build.0 = Debug|Any CPU
		{F39186FE-DACC-481B-B03A-12DC5867C8DA}.Release|Any CPU.ActiveCfg = Release|Any CPU
		{F39186FE-DACC-481B-B03A-12DC5867C8DA}.Release|Any CPU.Build.0 = Release|Any CPU
		{281B7C77-F8D9-4D21-BABD-4C1FB3BCEB08}.Debug|Any CPU.ActiveCfg = Debug|Any CPU
		{281B7C77-F8D9-4D21-BABD-4C1FB3BCEB08}.Debug|Any CPU.Build.0 = Debug|Any CPU
		{281B7C77-F8D9-4D21-BABD-4C1FB3BCEB08}.Release|Any CPU.ActiveCfg = Release|Any CPU
		{281B7C77-F8D9-4D21-BABD-4C1FB3BCEB08}.Release|Any CPU.Build.0 = Release|Any CPU
		{2A9ECDE1-FEC1-4CFD-A9F3-805EA868AB2F}.Debug|Any CPU.ActiveCfg = Debug|Any CPU
		{2A9ECDE1-FEC1-4CFD-A9F3-805EA868AB2F}.Debug|Any CPU.Build.0 = Debug|Any CPU
		{2A9ECDE1-FEC1-4CFD-A9F3-805EA868AB2F}.Release|Any CPU.ActiveCfg = Release|Any CPU
		{2A9ECDE1-FEC1-4CFD-A9F3-805EA868AB2F}.Release|Any CPU.Build.0 = Release|Any CPU
		{8EDBEBA8-51E5-42C3-961D-09924E6E42CD}.Debug|Any CPU.ActiveCfg = Debug|Any CPU
		{8EDBEBA8-51E5-42C3-961D-09924E6E42CD}.Debug|Any CPU.Build.0 = Debug|Any CPU
		{8EDBEBA8-51E5-42C3-961D-09924E6E42CD}.Release|Any CPU.ActiveCfg = Release|Any CPU
		{8EDBEBA8-51E5-42C3-961D-09924E6E42CD}.Release|Any CPU.Build.0 = Release|Any CPU
	EndGlobalSection
	GlobalSection(SolutionProperties) = preSolution
		HideSolutionNode = FALSE
	EndGlobalSection
	GlobalSection(ExtensibilityGlobals) = postSolution
		SolutionGuid = {B1B1A4A4-F4D2-4A0C-A26C-589A11DA4251}
	EndGlobalSection
EndGlobal
